// !$*UTF8*$!
{
	archiveVersion = 1;
	classes = {
	};
	objectVersion = 50;
	objects = {

/* Begin PBXBuildFile section */
		779CBF9425FB0786008BE4FA /* UserRepository.swift in Sources */ = {isa = PBXBuildFile; fileRef = 779CBF9325FB0786008BE4FA /* UserRepository.swift */; };
		779CBF9825FB084D008BE4FA /* HomeViewController.swift in Sources */ = {isa = PBXBuildFile; fileRef = 779CBF9625FB084D008BE4FA /* HomeViewController.swift */; };
		779CBF9925FB084D008BE4FA /* HomeViewController.xib in Resources */ = {isa = PBXBuildFile; fileRef = 779CBF9725FB084D008BE4FA /* HomeViewController.xib */; };
		779CBF9D25FB0BBE008BE4FA /* ProfileViewController.swift in Sources */ = {isa = PBXBuildFile; fileRef = 779CBF9B25FB0BBE008BE4FA /* ProfileViewController.swift */; };
		779CBF9E25FB0BBE008BE4FA /* ProfileViewController.xib in Resources */ = {isa = PBXBuildFile; fileRef = 779CBF9C25FB0BBE008BE4FA /* ProfileViewController.xib */; };
		779CBFA225FB0C91008BE4FA /* HomeDetailViewController.swift in Sources */ = {isa = PBXBuildFile; fileRef = 779CBFA025FB0C91008BE4FA /* HomeDetailViewController.swift */; };
		779CBFA325FB0C91008BE4FA /* HomeDetailViewController.xib in Resources */ = {isa = PBXBuildFile; fileRef = 779CBFA125FB0C91008BE4FA /* HomeDetailViewController.xib */; };
		77B7F5D125F9A51000F9E9DE /* AppDelegate.swift in Sources */ = {isa = PBXBuildFile; fileRef = 77B7F5D025F9A51000F9E9DE /* AppDelegate.swift */; };
		77B7F5D325F9A51000F9E9DE /* SceneDelegate.swift in Sources */ = {isa = PBXBuildFile; fileRef = 77B7F5D225F9A51000F9E9DE /* SceneDelegate.swift */; };
		77B7F5D525F9A51000F9E9DE /* LoginViewController.swift in Sources */ = {isa = PBXBuildFile; fileRef = 77B7F5D425F9A51000F9E9DE /* LoginViewController.swift */; };
		77B7F5DA25F9A51100F9E9DE /* Assets.xcassets in Resources */ = {isa = PBXBuildFile; fileRef = 77B7F5D925F9A51100F9E9DE /* Assets.xcassets */; };
		77B7F5DD25F9A51100F9E9DE /* LaunchScreen.storyboard in Resources */ = {isa = PBXBuildFile; fileRef = 77B7F5DB25F9A51100F9E9DE /* LaunchScreen.storyboard */; };
		77B7F5FB25F9B3D400F9E9DE /* SingUpViewController.swift in Sources */ = {isa = PBXBuildFile; fileRef = 77B7F5F925F9B3D400F9E9DE /* SingUpViewController.swift */; };
		77B7F5FC25F9B3D400F9E9DE /* SingUpViewController.xib in Resources */ = {isa = PBXBuildFile; fileRef = 77B7F5FA25F9B3D400F9E9DE /* SingUpViewController.xib */; };
		77B7F5FF25F9B70600F9E9DE /* RecoveryPasswordViewController.swift in Sources */ = {isa = PBXBuildFile; fileRef = 77B7F5FE25F9B70600F9E9DE /* RecoveryPasswordViewController.swift */; };
/* End PBXBuildFile section */

/* Begin PBXFileReference section */
		779CBF9325FB0786008BE4FA /* UserRepository.swift */ = {isa = PBXFileReference; fileEncoding = 4; lastKnownFileType = sourcecode.swift; path = UserRepository.swift; sourceTree = "<group>"; };
		779CBF9625FB084D008BE4FA /* HomeViewController.swift */ = {isa = PBXFileReference; lastKnownFileType = sourcecode.swift; path = HomeViewController.swift; sourceTree = "<group>"; };
		779CBF9725FB084D008BE4FA /* HomeViewController.xib */ = {isa = PBXFileReference; lastKnownFileType = file.xib; path = HomeViewController.xib; sourceTree = "<group>"; };
		779CBF9B25FB0BBE008BE4FA /* ProfileViewController.swift */ = {isa = PBXFileReference; lastKnownFileType = sourcecode.swift; path = ProfileViewController.swift; sourceTree = "<group>"; };
		779CBF9C25FB0BBE008BE4FA /* ProfileViewController.xib */ = {isa = PBXFileReference; lastKnownFileType = file.xib; path = ProfileViewController.xib; sourceTree = "<group>"; };
		779CBFA025FB0C91008BE4FA /* HomeDetailViewController.swift */ = {isa = PBXFileReference; lastKnownFileType = sourcecode.swift; path = HomeDetailViewController.swift; sourceTree = "<group>"; };
		779CBFA125FB0C91008BE4FA /* HomeDetailViewController.xib */ = {isa = PBXFileReference; lastKnownFileType = file.xib; path = HomeDetailViewController.xib; sourceTree = "<group>"; };
		77B7F5CD25F9A51000F9E9DE /* ProgramtlySegues.app */ = {isa = PBXFileReference; explicitFileType = wrapper.application; includeInIndex = 0; path = ProgramtlySegues.app; sourceTree = BUILT_PRODUCTS_DIR; };
		77B7F5D025F9A51000F9E9DE /* AppDelegate.swift */ = {isa = PBXFileReference; lastKnownFileType = sourcecode.swift; path = AppDelegate.swift; sourceTree = "<group>"; };
		77B7F5D225F9A51000F9E9DE /* SceneDelegate.swift */ = {isa = PBXFileReference; lastKnownFileType = sourcecode.swift; path = SceneDelegate.swift; sourceTree = "<group>"; };
		77B7F5D425F9A51000F9E9DE /* LoginViewController.swift */ = {isa = PBXFileReference; lastKnownFileType = sourcecode.swift; path = LoginViewController.swift; sourceTree = "<group>"; };
		77B7F5D925F9A51100F9E9DE /* Assets.xcassets */ = {isa = PBXFileReference; lastKnownFileType = folder.assetcatalog; path = Assets.xcassets; sourceTree = "<group>"; };
		77B7F5DC25F9A51100F9E9DE /* Base */ = {isa = PBXFileReference; lastKnownFileType = file.storyboard; name = Base; path = Base.lproj/LaunchScreen.storyboard; sourceTree = "<group>"; };
		77B7F5DE25F9A51100F9E9DE /* Info.plist */ = {isa = PBXFileReference; lastKnownFileType = text.plist.xml; path = Info.plist; sourceTree = "<group>"; };
		77B7F5F925F9B3D400F9E9DE /* SingUpViewController.swift */ = {isa = PBXFileReference; lastKnownFileType = sourcecode.swift; path = SingUpViewController.swift; sourceTree = "<group>"; };
		77B7F5FA25F9B3D400F9E9DE /* SingUpViewController.xib */ = {isa = PBXFileReference; lastKnownFileType = file.xib; path = SingUpViewController.xib; sourceTree = "<group>"; };
		77B7F5FE25F9B70600F9E9DE /* RecoveryPasswordViewController.swift */ = {isa = PBXFileReference; lastKnownFileType = sourcecode.swift; path = RecoveryPasswordViewController.swift; sourceTree = "<group>"; };
/* End PBXFileReference section */

/* Begin PBXFrameworksBuildPhase section */
		77B7F5CA25F9A51000F9E9DE /* Frameworks */ = {
			isa = PBXFrameworksBuildPhase;
			buildActionMask = 2147483647;
			files = (
			);
			runOnlyForDeploymentPostprocessing = 0;
		};
/* End PBXFrameworksBuildPhase section */

/* Begin PBXGroup section */
		779CBF9225FB0786008BE4FA /* Repository */ = {
			isa = PBXGroup;
			children = (
				779CBF9325FB0786008BE4FA /* UserRepository.swift */,
			);
			path = Repository;
			sourceTree = "<group>";
		};
		77B7F5C425F9A51000F9E9DE = {
			isa = PBXGroup;
			children = (
				77B7F5CF25F9A51000F9E9DE /* ProgramtlySegues */,
				77B7F5CE25F9A51000F9E9DE /* Products */,
			);
			sourceTree = "<group>";
		};
		77B7F5CE25F9A51000F9E9DE /* Products */ = {
			isa = PBXGroup;
			children = (
				77B7F5CD25F9A51000F9E9DE /* ProgramtlySegues.app */,
			);
			name = Products;
			sourceTree = "<group>";
		};
		77B7F5CF25F9A51000F9E9DE /* ProgramtlySegues */ = {
			isa = PBXGroup;
			children = (
				779CBF9225FB0786008BE4FA /* Repository */,
				77B7F5D025F9A51000F9E9DE /* AppDelegate.swift */,
				77B7F5D225F9A51000F9E9DE /* SceneDelegate.swift */,
				77B7F5D425F9A51000F9E9DE /* LoginViewController.swift */,
				77B7F5D925F9A51100F9E9DE /* Assets.xcassets */,
				77B7F5DB25F9A51100F9E9DE /* LaunchScreen.storyboard */,
				77B7F5DE25F9A51100F9E9DE /* Info.plist */,
				77B7F5F925F9B3D400F9E9DE /* SingUpViewController.swift */,
				77B7F5FA25F9B3D400F9E9DE /* SingUpViewController.xib */,
				77B7F5FE25F9B70600F9E9DE /* RecoveryPasswordViewController.swift */,
				779CBF9625FB084D008BE4FA /* HomeViewController.swift */,
				779CBF9725FB084D008BE4FA /* HomeViewController.xib */,
				779CBF9B25FB0BBE008BE4FA /* ProfileViewController.swift */,
				779CBF9C25FB0BBE008BE4FA /* ProfileViewController.xib */,
				779CBFA025FB0C91008BE4FA /* HomeDetailViewController.swift */,
				779CBFA125FB0C91008BE4FA /* HomeDetailViewController.xib */,
			);
			path = ProgramtlySegues;
			sourceTree = "<group>";
		};
/* End PBXGroup section */

/* Begin PBXNativeTarget section */
		77B7F5CC25F9A51000F9E9DE /* ProgramtlySegues */ = {
			isa = PBXNativeTarget;
			buildConfigurationList = 77B7F5E125F9A51100F9E9DE /* Build configuration list for PBXNativeTarget "ProgramtlySegues" */;
			buildPhases = (
				77B7F5C925F9A51000F9E9DE /* Sources */,
				77B7F5CA25F9A51000F9E9DE /* Frameworks */,
				77B7F5CB25F9A51000F9E9DE /* Resources */,
			);
			buildRules = (
			);
			dependencies = (
			);
			name = ProgramtlySegues;
			productName = ProgramtlySegues;
			productReference = 77B7F5CD25F9A51000F9E9DE /* ProgramtlySegues.app */;
			productType = "com.apple.product-type.application";
		};
/* End PBXNativeTarget section */

/* Begin PBXProject section */
		77B7F5C525F9A51000F9E9DE /* Project object */ = {
			isa = PBXProject;
			attributes = {
				LastSwiftUpdateCheck = 1210;
				LastUpgradeCheck = 1210;
				TargetAttributes = {
					77B7F5CC25F9A51000F9E9DE = {
						CreatedOnToolsVersion = 12.1;
					};
				};
			};
			buildConfigurationList = 77B7F5C825F9A51000F9E9DE /* Build configuration list for PBXProject "ProgramtlySegues" */;
			compatibilityVersion = "Xcode 9.3";
			developmentRegion = en;
			hasScannedForEncodings = 0;
			knownRegions = (
				en,
				Base,
			);
			mainGroup = 77B7F5C425F9A51000F9E9DE;
			productRefGroup = 77B7F5CE25F9A51000F9E9DE /* Products */;
			projectDirPath = "";
			projectRoot = "";
			targets = (
				77B7F5CC25F9A51000F9E9DE /* ProgramtlySegues */,
			);
		};
/* End PBXProject section */

/* Begin PBXResourcesBuildPhase section */
		77B7F5CB25F9A51000F9E9DE /* Resources */ = {
			isa = PBXResourcesBuildPhase;
			buildActionMask = 2147483647;
			files = (
				77B7F5FC25F9B3D400F9E9DE /* SingUpViewController.xib in Resources */,
				77B7F5DD25F9A51100F9E9DE /* LaunchScreen.storyboard in Resources */,
				77B7F5DA25F9A51100F9E9DE /* Assets.xcassets in Resources */,
				779CBF9E25FB0BBE008BE4FA /* ProfileViewController.xib in Resources */,
				779CBFA325FB0C91008BE4FA /* HomeDetailViewController.xib in Resources */,
				779CBF9925FB084D008BE4FA /* HomeViewController.xib in Resources */,
			);
			runOnlyForDeploymentPostprocessing = 0;
		};
/* End PBXResourcesBuildPhase section */

/* Begin PBXSourcesBuildPhase section */
		77B7F5C925F9A51000F9E9DE /* Sources */ = {
			isa = PBXSourcesBuildPhase;
			buildActionMask = 2147483647;
			files = (
				77B7F5D525F9A51000F9E9DE /* LoginViewController.swift in Sources */,
				77B7F5D125F9A51000F9E9DE /* AppDelegate.swift in Sources */,
				779CBF9425FB0786008BE4FA /* UserRepository.swift in Sources */,
				779CBFA225FB0C91008BE4FA /* HomeDetailViewController.swift in Sources */,
				77B7F5FB25F9B3D400F9E9DE /* SingUpViewController.swift in Sources */,
				77B7F5D325F9A51000F9E9DE /* SceneDelegate.swift in Sources */,
				779CBF9825FB084D008BE4FA /* HomeViewController.swift in Sources */,
				779CBF9D25FB0BBE008BE4FA /* ProfileViewController.swift in Sources */,
				77B7F5FF25F9B70600F9E9DE /* RecoveryPasswordViewController.swift in Sources */,
			);
			runOnlyForDeploymentPostprocessing = 0;
		};
/* End PBXSourcesBuildPhase section */

/* Begin PBXVariantGroup section */
		77B7F5DB25F9A51100F9E9DE /* LaunchScreen.storyboard */ = {
			isa = PBXVariantGroup;
			children = (
				77B7F5DC25F9A51100F9E9DE /* Base */,
			);
			name = LaunchScreen.storyboard;
			sourceTree = "<group>";
		};
/* End PBXVariantGroup section */

/* Begin XCBuildConfiguration section */
		77B7F5DF25F9A51100F9E9DE /* Debug */ = {
			isa = XCBuildConfiguration;
			buildSettings = {
				ALWAYS_SEARCH_USER_PATHS = NO;
				CLANG_ANALYZER_NONNULL = YES;
				CLANG_ANALYZER_NUMBER_OBJECT_CONVERSION = YES_AGGRESSIVE;
				CLANG_CXX_LANGUAGE_STANDARD = "gnu++14";
				CLANG_CXX_LIBRARY = "libc++";
				CLANG_ENABLE_MODULES = YES;
				CLANG_ENABLE_OBJC_ARC = YES;
				CLANG_ENABLE_OBJC_WEAK = YES;
				CLANG_WARN_BLOCK_CAPTURE_AUTORELEASING = YES;
				CLANG_WARN_BOOL_CONVERSION = YES;
				CLANG_WARN_COMMA = YES;
				CLANG_WARN_CONSTANT_CONVERSION = YES;
				CLANG_WARN_DEPRECATED_OBJC_IMPLEMENTATIONS = YES;
				CLANG_WARN_DIRECT_OBJC_ISA_USAGE = YES_ERROR;
				CLANG_WARN_DOCUMENTATION_COMMENTS = YES;
				CLANG_WARN_EMPTY_BODY = YES;
				CLANG_WARN_ENUM_CONVERSION = YES;
				CLANG_WARN_INFINITE_RECURSION = YES;
				CLANG_WARN_INT_CONVERSION = YES;
				CLANG_WARN_NON_LITERAL_NULL_CONVERSION = YES;
				CLANG_WARN_OBJC_IMPLICIT_RETAIN_SELF = YES;
				CLANG_WARN_OBJC_LITERAL_CONVERSION = YES;
				CLANG_WARN_OBJC_ROOT_CLASS = YES_ERROR;
				CLANG_WARN_QUOTED_INCLUDE_IN_FRAMEWORK_HEADER = YES;
				CLANG_WARN_RANGE_LOOP_ANALYSIS = YES;
				CLANG_WARN_STRICT_PROTOTYPES = YES;
				CLANG_WARN_SUSPICIOUS_MOVE = YES;
				CLANG_WARN_UNGUARDED_AVAILABILITY = YES_AGGRESSIVE;
				CLANG_WARN_UNREACHABLE_CODE = YES;
				CLANG_WARN__DUPLICATE_METHOD_MATCH = YES;
				COPY_PHASE_STRIP = NO;
				DEBUG_INFORMATION_FORMAT = dwarf;
				ENABLE_STRICT_OBJC_MSGSEND = YES;
				ENABLE_TESTABILITY = YES;
				GCC_C_LANGUAGE_STANDARD = gnu11;
				GCC_DYNAMIC_NO_PIC = NO;
				GCC_NO_COMMON_BLOCKS = YES;
				GCC_OPTIMIZATION_LEVEL = 0;
				GCC_PREPROCESSOR_DEFINITIONS = (
					"DEBUG=1",
					"$(inherited)",
				);
				GCC_WARN_64_TO_32_BIT_CONVERSION = YES;
				GCC_WARN_ABOUT_RETURN_TYPE = YES_ERROR;
				GCC_WARN_UNDECLARED_SELECTOR = YES;
				GCC_WARN_UNINITIALIZED_AUTOS = YES_AGGRESSIVE;
				GCC_WARN_UNUSED_FUNCTION = YES;
				GCC_WARN_UNUSED_VARIABLE = YES;
				IPHONEOS_DEPLOYMENT_TARGET = 14.1;
				MTL_ENABLE_DEBUG_INFO = INCLUDE_SOURCE;
				MTL_FAST_MATH = YES;
				ONLY_ACTIVE_ARCH = YES;
				SDKROOT = iphoneos;
				SWIFT_ACTIVE_COMPILATION_CONDITIONS = DEBUG;
				SWIFT_OPTIMIZATION_LEVEL = "-Onone";
			};
			name = Debug;
		};
		77B7F5E025F9A51100F9E9DE /* Release */ = {
			isa = XCBuildConfiguration;
			buildSettings = {
				ALWAYS_SEARCH_USER_PATHS = NO;
				CLANG_ANALYZER_NONNULL = YES;
				CLANG_ANALYZER_NUMBER_OBJECT_CONVERSION = YES_AGGRESSIVE;
				CLANG_CXX_LANGUAGE_STANDARD = "gnu++14";
				CLANG_CXX_LIBRARY = "libc++";
				CLANG_ENABLE_MODULES = YES;
				CLANG_ENABLE_OBJC_ARC = YES;
				CLANG_ENABLE_OBJC_WEAK = YES;
				CLANG_WARN_BLOCK_CAPTURE_AUTORELEASING = YES;
				CLANG_WARN_BOOL_CONVERSION = YES;
				CLANG_WARN_COMMA = YES;
				CLANG_WARN_CONSTANT_CONVERSION = YES;
				CLANG_WARN_DEPRECATED_OBJC_IMPLEMENTATIONS = YES;
				CLANG_WARN_DIRECT_OBJC_ISA_USAGE = YES_ERROR;
				CLANG_WARN_DOCUMENTATION_COMMENTS = YES;
				CLANG_WARN_EMPTY_BODY = YES;
				CLANG_WARN_ENUM_CONVERSION = YES;
				CLANG_WARN_INFINITE_RECURSION = YES;
				CLANG_WARN_INT_CONVERSION = YES;
				CLANG_WARN_NON_LITERAL_NULL_CONVERSION = YES;
				CLANG_WARN_OBJC_IMPLICIT_RETAIN_SELF = YES;
				CLANG_WARN_OBJC_LITERAL_CONVERSION = YES;
				CLANG_WARN_OBJC_ROOT_CLASS = YES_ERROR;
				CLANG_WARN_QUOTED_INCLUDE_IN_FRAMEWORK_HEADER = YES;
				CLANG_WARN_RANGE_LOOP_ANALYSIS = YES;
				CLANG_WARN_STRICT_PROTOTYPES = YES;
				CLANG_WARN_SUSPICIOUS_MOVE = YES;
				CLANG_WARN_UNGUARDED_AVAILABILITY = YES_AGGRESSIVE;
				CLANG_WARN_UNREACHABLE_CODE = YES;
				CLANG_WARN__DUPLICATE_METHOD_MATCH = YES;
				COPY_PHASE_STRIP = NO;
				DEBUG_INFORMATION_FORMAT = "dwarf-with-dsym";
				ENABLE_NS_ASSERTIONS = NO;
				ENABLE_STRICT_OBJC_MSGSEND = YES;
				GCC_C_LANGUAGE_STANDARD = gnu11;
				GCC_NO_COMMON_BLOCKS = YES;
				GCC_WARN_64_TO_32_BIT_CONVERSION = YES;
				GCC_WARN_ABOUT_RETURN_TYPE = YES_ERROR;
				GCC_WARN_UNDECLARED_SELECTOR = YES;
				GCC_WARN_UNINITIALIZED_AUTOS = YES_AGGRESSIVE;
				GCC_WARN_UNUSED_FUNCTION = YES;
				GCC_WARN_UNUSED_VARIABLE = YES;
				IPHONEOS_DEPLOYMENT_TARGET = 14.1;
				MTL_ENABLE_DEBUG_INFO = NO;
				MTL_FAST_MATH = YES;
				SDKROOT = iphoneos;
				SWIFT_COMPILATION_MODE = wholemodule;
				SWIFT_OPTIMIZATION_LEVEL = "-O";
				VALIDATE_PRODUCT = YES;
			};
			name = Release;
		};
		77B7F5E225F9A51100F9E9DE /* Debug */ = {
			isa = XCBuildConfiguration;
			buildSettings = {
				ASSETCATALOG_COMPILER_APPICON_NAME = AppIcon;
				ASSETCATALOG_COMPILER_GLOBAL_ACCENT_COLOR_NAME = AccentColor;
				CODE_SIGN_STYLE = Automatic;
				DEVELOPMENT_TEAM = UDPJ785EBR;
				INFOPLIST_FILE = ProgramtlySegues/Info.plist;
				LD_RUNPATH_SEARCH_PATHS = (
					"$(inherited)",
					"@executable_path/Frameworks",
				);
				PRODUCT_BUNDLE_IDENTIFIER = com.apprenDev.ProgramtlySegues;
				PRODUCT_NAME = "$(TARGET_NAME)";
				SWIFT_VERSION = 5.0;
				TARGETED_DEVICE_FAMILY = "1,2";
			};
			name = Debug;
		};
		77B7F5E325F9A51100F9E9DE /* Release */ = {
			isa = XCBuildConfiguration;
			buildSettings = {
				ASSETCATALOG_COMPILER_APPICON_NAME = AppIcon;
				ASSETCATALOG_COMPILER_GLOBAL_ACCENT_COLOR_NAME = AccentColor;
				CODE_SIGN_STYLE = Automatic;
				DEVELOPMENT_TEAM = UDPJ785EBR;
				INFOPLIST_FILE = ProgramtlySegues/Info.plist;
				LD_RUNPATH_SEARCH_PATHS = (
					"$(inherited)",
					"@executable_path/Frameworks",
				);
				PRODUCT_BUNDLE_IDENTIFIER = com.apprenDev.ProgramtlySegues;
				PRODUCT_NAME = "$(TARGET_NAME)";
				SWIFT_VERSION = 5.0;
				TARGETED_DEVICE_FAMILY = "1,2";
			};
			name = Release;
		};
/* End XCBuildConfiguration section */

/* Begin XCConfigurationList section */
		77B7F5C825F9A51000F9E9DE /* Build configuration list for PBXProject "ProgramtlySegues" */ = {
			isa = XCConfigurationList;
			buildConfigurations = (
				77B7F5DF25F9A51100F9E9DE /* Debug */,
				77B7F5E025F9A51100F9E9DE /* Release */,
			);
			defaultConfigurationIsVisible = 0;
			defaultConfigurationName = Release;
		};
		77B7F5E125F9A51100F9E9DE /* Build configuration list for PBXNativeTarget "ProgramtlySegues" */ = {
			isa = XCConfigurationList;
			buildConfigurations = (
				77B7F5E225F9A51100F9E9DE /* Debug */,
				77B7F5E325F9A51100F9E9DE /* Release */,
			);
			defaultConfigurationIsVisible = 0;
			defaultConfigurationName = Release;
		};
/* End XCConfigurationList section */
	};
	rootObject = 77B7F5C525F9A51000F9E9DE /* Project object */;
}
