// !$*UTF8*$!
{
	archiveVersion = 1;
	classes = {
	};
	objectVersion = 51;
	objects = {

/* Begin PBXBuildFile section */
		77B031FF26266DB200EB17C1 /* AppDelegate.swift in Sources */ = {isa = PBXBuildFile; fileRef = 77B031FE26266DB200EB17C1 /* AppDelegate.swift */; };
		77B0320126266DB200EB17C1 /* SceneDelegate.swift in Sources */ = {isa = PBXBuildFile; fileRef = 77B0320026266DB200EB17C1 /* SceneDelegate.swift */; };
		77B0320326266DB200EB17C1 /* ViewController.swift in Sources */ = {isa = PBXBuildFile; fileRef = 77B0320226266DB200EB17C1 /* ViewController.swift */; };
		77B0320626266DB200EB17C1 /* Main.storyboard in Resources */ = {isa = PBXBuildFile; fileRef = 77B0320426266DB200EB17C1 /* Main.storyboard */; };
		77B0320826266DB300EB17C1 /* Assets.xcassets in Resources */ = {isa = PBXBuildFile; fileRef = 77B0320726266DB300EB17C1 /* Assets.xcassets */; };
		77B0320B26266DB300EB17C1 /* LaunchScreen.storyboard in Resources */ = {isa = PBXBuildFile; fileRef = 77B0320926266DB300EB17C1 /* LaunchScreen.storyboard */; };
		77C6DF7B2627C05B00D59AB5 /* Profile.swift in Sources */ = {isa = PBXBuildFile; fileRef = 77C6DF7A2627C05B00D59AB5 /* Profile.swift */; };
		77C6DF7E2627C3D900D59AB5 /* HomeViewController.swift in Sources */ = {isa = PBXBuildFile; fileRef = 77C6DF7D2627C3D900D59AB5 /* HomeViewController.swift */; };
		FEF6BA765A2E1EF65FD7E344 /* Pods_LoginFacebook.framework in Frameworks */ = {isa = PBXBuildFile; fileRef = C98994556990610AABE67EB7 /* Pods_LoginFacebook.framework */; };
/* End PBXBuildFile section */

/* Begin PBXFileReference section */
		2BE75865EBC7D09325B9DF5A /* Pods-LoginFacebook.release.xcconfig */ = {isa = PBXFileReference; includeInIndex = 1; lastKnownFileType = text.xcconfig; name = "Pods-LoginFacebook.release.xcconfig"; path = "Target Support Files/Pods-LoginFacebook/Pods-LoginFacebook.release.xcconfig"; sourceTree = "<group>"; };
		77B031FB26266DB200EB17C1 /* LoginFacebook.app */ = {isa = PBXFileReference; explicitFileType = wrapper.application; includeInIndex = 0; path = LoginFacebook.app; sourceTree = BUILT_PRODUCTS_DIR; };
		77B031FE26266DB200EB17C1 /* AppDelegate.swift */ = {isa = PBXFileReference; lastKnownFileType = sourcecode.swift; path = AppDelegate.swift; sourceTree = "<group>"; };
		77B0320026266DB200EB17C1 /* SceneDelegate.swift */ = {isa = PBXFileReference; lastKnownFileType = sourcecode.swift; path = SceneDelegate.swift; sourceTree = "<group>"; };
		77B0320226266DB200EB17C1 /* ViewController.swift */ = {isa = PBXFileReference; lastKnownFileType = sourcecode.swift; path = ViewController.swift; sourceTree = "<group>"; };
		77B0320526266DB200EB17C1 /* Base */ = {isa = PBXFileReference; lastKnownFileType = file.storyboard; name = Base; path = Base.lproj/Main.storyboard; sourceTree = "<group>"; };
		77B0320726266DB300EB17C1 /* Assets.xcassets */ = {isa = PBXFileReference; lastKnownFileType = folder.assetcatalog; path = Assets.xcassets; sourceTree = "<group>"; };
		77B0320A26266DB300EB17C1 /* Base */ = {isa = PBXFileReference; lastKnownFileType = file.storyboard; name = Base; path = Base.lproj/LaunchScreen.storyboard; sourceTree = "<group>"; };
		77B0320C26266DB300EB17C1 /* Info.plist */ = {isa = PBXFileReference; lastKnownFileType = text.plist.xml; path = Info.plist; sourceTree = "<group>"; };
		77C6DF7A2627C05B00D59AB5 /* Profile.swift */ = {isa = PBXFileReference; lastKnownFileType = sourcecode.swift; path = Profile.swift; sourceTree = "<group>"; };
		77C6DF7D2627C3D900D59AB5 /* HomeViewController.swift */ = {isa = PBXFileReference; lastKnownFileType = sourcecode.swift; path = HomeViewController.swift; sourceTree = "<group>"; };
		C98994556990610AABE67EB7 /* Pods_LoginFacebook.framework */ = {isa = PBXFileReference; explicitFileType = wrapper.framework; includeInIndex = 0; path = Pods_LoginFacebook.framework; sourceTree = BUILT_PRODUCTS_DIR; };
		E8EE3AD37C90834042987EA6 /* Pods-LoginFacebook.debug.xcconfig */ = {isa = PBXFileReference; includeInIndex = 1; lastKnownFileType = text.xcconfig; name = "Pods-LoginFacebook.debug.xcconfig"; path = "Target Support Files/Pods-LoginFacebook/Pods-LoginFacebook.debug.xcconfig"; sourceTree = "<group>"; };
/* End PBXFileReference section */

/* Begin PBXFrameworksBuildPhase section */
		77B031F826266DB200EB17C1 /* Frameworks */ = {
			isa = PBXFrameworksBuildPhase;
			buildActionMask = 2147483647;
			files = (
				FEF6BA765A2E1EF65FD7E344 /* Pods_LoginFacebook.framework in Frameworks */,
			);
			runOnlyForDeploymentPostprocessing = 0;
		};
/* End PBXFrameworksBuildPhase section */

/* Begin PBXGroup section */
		77B031F226266DB200EB17C1 = {
			isa = PBXGroup;
			children = (
				77B031FD26266DB200EB17C1 /* LoginFacebook */,
				77B031FC26266DB200EB17C1 /* Products */,
				9E921A81E14AED7009C8A656 /* Pods */,
				A8DB4DC2E9563038BA46232C /* Frameworks */,
			);
			sourceTree = "<group>";
		};
		77B031FC26266DB200EB17C1 /* Products */ = {
			isa = PBXGroup;
			children = (
				77B031FB26266DB200EB17C1 /* LoginFacebook.app */,
			);
			name = Products;
			sourceTree = "<group>";
		};
		77B031FD26266DB200EB17C1 /* LoginFacebook */ = {
			isa = PBXGroup;
			children = (
				77B031FE26266DB200EB17C1 /* AppDelegate.swift */,
				77B0320026266DB200EB17C1 /* SceneDelegate.swift */,
				77B0320226266DB200EB17C1 /* ViewController.swift */,
				77B0320426266DB200EB17C1 /* Main.storyboard */,
				77B0320726266DB300EB17C1 /* Assets.xcassets */,
				77B0320926266DB300EB17C1 /* LaunchScreen.storyboard */,
				77B0320C26266DB300EB17C1 /* Info.plist */,
				77C6DF7A2627C05B00D59AB5 /* Profile.swift */,
				77C6DF7D2627C3D900D59AB5 /* HomeViewController.swift */,
			);
			path = LoginFacebook;
			sourceTree = "<group>";
		};
		9E921A81E14AED7009C8A656 /* Pods */ = {
			isa = PBXGroup;
			children = (
				E8EE3AD37C90834042987EA6 /* Pods-LoginFacebook.debug.xcconfig */,
				2BE75865EBC7D09325B9DF5A /* Pods-LoginFacebook.release.xcconfig */,
			);
			name = Pods;
			path = ../../../../Pods;
			sourceTree = "<group>";
		};
		A8DB4DC2E9563038BA46232C /* Frameworks */ = {
			isa = PBXGroup;
			children = (
				C98994556990610AABE67EB7 /* Pods_LoginFacebook.framework */,
			);
			name = Frameworks;
			sourceTree = "<group>";
		};
/* End PBXGroup section */

/* Begin PBXNativeTarget section */
		77B031FA26266DB200EB17C1 /* LoginFacebook */ = {
			isa = PBXNativeTarget;
			buildConfigurationList = 77B0320F26266DB300EB17C1 /* Build configuration list for PBXNativeTarget "LoginFacebook" */;
			buildPhases = (
				D3744B838925CEF584CC8421 /* [CP] Check Pods Manifest.lock */,
				77B031F726266DB200EB17C1 /* Sources */,
				77B031F826266DB200EB17C1 /* Frameworks */,
				77B031F926266DB200EB17C1 /* Resources */,
				1C6901DF0EC8683B344B5FEA /* [CP] Embed Pods Frameworks */,
			);
			buildRules = (
			);
			dependencies = (
			);
			name = LoginFacebook;
			productName = LoginFacebook;
			productReference = 77B031FB26266DB200EB17C1 /* LoginFacebook.app */;
			productType = "com.apple.product-type.application";
		};
/* End PBXNativeTarget section */

/* Begin PBXProject section */
		77B031F326266DB200EB17C1 /* Project object */ = {
			isa = PBXProject;
			attributes = {
				LastSwiftUpdateCheck = 1240;
				LastUpgradeCheck = 1240;
				TargetAttributes = {
					77B031FA26266DB200EB17C1 = {
						CreatedOnToolsVersion = 12.4;
					};
				};
			};
			buildConfigurationList = 77B031F626266DB200EB17C1 /* Build configuration list for PBXProject "LoginFacebook" */;
			compatibilityVersion = "Xcode 9.3";
			developmentRegion = en;
			hasScannedForEncodings = 0;
			knownRegions = (
				en,
				Base,
			);
			mainGroup = 77B031F226266DB200EB17C1;
			productRefGroup = 77B031FC26266DB200EB17C1 /* Products */;
			projectDirPath = "";
			projectRoot = "";
			targets = (
				77B031FA26266DB200EB17C1 /* LoginFacebook */,
			);
		};
/* End PBXProject section */

/* Begin PBXResourcesBuildPhase section */
		77B031F926266DB200EB17C1 /* Resources */ = {
			isa = PBXResourcesBuildPhase;
			buildActionMask = 2147483647;
			files = (
				77B0320B26266DB300EB17C1 /* LaunchScreen.storyboard in Resources */,
				77B0320826266DB300EB17C1 /* Assets.xcassets in Resources */,
				77B0320626266DB200EB17C1 /* Main.storyboard in Resources */,
			);
			runOnlyForDeploymentPostprocessing = 0;
		};
/* End PBXResourcesBuildPhase section */

/* Begin PBXShellScriptBuildPhase section */
		1C6901DF0EC8683B344B5FEA /* [CP] Embed Pods Frameworks */ = {
			isa = PBXShellScriptBuildPhase;
			buildActionMask = 2147483647;
			files = (
			);
			inputFileListPaths = (
				"${PODS_ROOT}/Target Support Files/Pods-LoginFacebook/Pods-LoginFacebook-frameworks-${CONFIGURATION}-input-files.xcfilelist",
			);
			name = "[CP] Embed Pods Frameworks";
			outputFileListPaths = (
				"${PODS_ROOT}/Target Support Files/Pods-LoginFacebook/Pods-LoginFacebook-frameworks-${CONFIGURATION}-output-files.xcfilelist",
			);
			runOnlyForDeploymentPostprocessing = 0;
			shellPath = /bin/sh;
			shellScript = "\"${PODS_ROOT}/Target Support Files/Pods-LoginFacebook/Pods-LoginFacebook-frameworks.sh\"\n";
			showEnvVarsInLog = 0;
		};
		D3744B838925CEF584CC8421 /* [CP] Check Pods Manifest.lock */ = {
			isa = PBXShellScriptBuildPhase;
			buildActionMask = 2147483647;
			files = (
			);
			inputFileListPaths = (
			);
			inputPaths = (
				"${PODS_PODFILE_DIR_PATH}/Podfile.lock",
				"${PODS_ROOT}/Manifest.lock",
			);
			name = "[CP] Check Pods Manifest.lock";
			outputFileListPaths = (
			);
			outputPaths = (
				"$(DERIVED_FILE_DIR)/Pods-LoginFacebook-checkManifestLockResult.txt",
			);
			runOnlyForDeploymentPostprocessing = 0;
			shellPath = /bin/sh;
			shellScript = "diff \"${PODS_PODFILE_DIR_PATH}/Podfile.lock\" \"${PODS_ROOT}/Manifest.lock\" > /dev/null\nif [ $? != 0 ] ; then\n    # print error to STDERR\n    echo \"error: The sandbox is not in sync with the Podfile.lock. Run 'pod install' or update your CocoaPods installation.\" >&2\n    exit 1\nfi\n# This output is used by Xcode 'outputs' to avoid re-running this script phase.\necho \"SUCCESS\" > \"${SCRIPT_OUTPUT_FILE_0}\"\n";
			showEnvVarsInLog = 0;
		};
/* End PBXShellScriptBuildPhase section */

/* Begin PBXSourcesBuildPhase section */
		77B031F726266DB200EB17C1 /* Sources */ = {
			isa = PBXSourcesBuildPhase;
			buildActionMask = 2147483647;
			files = (
				77C6DF7E2627C3D900D59AB5 /* HomeViewController.swift in Sources */,
				77B0320326266DB200EB17C1 /* ViewController.swift in Sources */,
				77C6DF7B2627C05B00D59AB5 /* Profile.swift in Sources */,
				77B031FF26266DB200EB17C1 /* AppDelegate.swift in Sources */,
				77B0320126266DB200EB17C1 /* SceneDelegate.swift in Sources */,
			);
			runOnlyForDeploymentPostprocessing = 0;
		};
/* End PBXSourcesBuildPhase section */

/* Begin PBXVariantGroup section */
		77B0320426266DB200EB17C1 /* Main.storyboard */ = {
			isa = PBXVariantGroup;
			children = (
				77B0320526266DB200EB17C1 /* Base */,
			);
			name = Main.storyboard;
			sourceTree = "<group>";
		};
		77B0320926266DB300EB17C1 /* LaunchScreen.storyboard */ = {
			isa = PBXVariantGroup;
			children = (
				77B0320A26266DB300EB17C1 /* Base */,
			);
			name = LaunchScreen.storyboard;
			sourceTree = "<group>";
		};
/* End PBXVariantGroup section */

/* Begin XCBuildConfiguration section */
		77B0320D26266DB300EB17C1 /* Debug */ = {
			isa = XCBuildConfiguration;
			buildSettings = {
				ALWAYS_SEARCH_USER_PATHS = NO;
				CLANG_ANALYZER_NONNULL = YES;
				CLANG_ANALYZER_NUMBER_OBJECT_CONVERSION = YES_AGGRESSIVE;
				CLANG_CXX_LANGUAGE_STANDARD = "gnu++14";
				CLANG_CXX_LIBRARY = "libc++";
				CLANG_ENABLE_MODULES = YES;
				CLANG_ENABLE_OBJC_ARC = YES;
				CLANG_ENABLE_OBJC_WEAK = YES;
				CLANG_WARN_BLOCK_CAPTURE_AUTORELEASING = YES;
				CLANG_WARN_BOOL_CONVERSION = YES;
				CLANG_WARN_COMMA = YES;
				CLANG_WARN_CONSTANT_CONVERSION = YES;
				CLANG_WARN_DEPRECATED_OBJC_IMPLEMENTATIONS = YES;
				CLANG_WARN_DIRECT_OBJC_ISA_USAGE = YES_ERROR;
				CLANG_WARN_DOCUMENTATION_COMMENTS = YES;
				CLANG_WARN_EMPTY_BODY = YES;
				CLANG_WARN_ENUM_CONVERSION = YES;
				CLANG_WARN_INFINITE_RECURSION = YES;
				CLANG_WARN_INT_CONVERSION = YES;
				CLANG_WARN_NON_LITERAL_NULL_CONVERSION = YES;
				CLANG_WARN_OBJC_IMPLICIT_RETAIN_SELF = YES;
				CLANG_WARN_OBJC_LITERAL_CONVERSION = YES;
				CLANG_WARN_OBJC_ROOT_CLASS = YES_ERROR;
				CLANG_WARN_QUOTED_INCLUDE_IN_FRAMEWORK_HEADER = YES;
				CLANG_WARN_RANGE_LOOP_ANALYSIS = YES;
				CLANG_WARN_STRICT_PROTOTYPES = YES;
				CLANG_WARN_SUSPICIOUS_MOVE = YES;
				CLANG_WARN_UNGUARDED_AVAILABILITY = YES_AGGRESSIVE;
				CLANG_WARN_UNREACHABLE_CODE = YES;
				CLANG_WARN__DUPLICATE_METHOD_MATCH = YES;
				COPY_PHASE_STRIP = NO;
				DEBUG_INFORMATION_FORMAT = dwarf;
				ENABLE_STRICT_OBJC_MSGSEND = YES;
				ENABLE_TESTABILITY = YES;
				GCC_C_LANGUAGE_STANDARD = gnu11;
				GCC_DYNAMIC_NO_PIC = NO;
				GCC_NO_COMMON_BLOCKS = YES;
				GCC_OPTIMIZATION_LEVEL = 0;
				GCC_PREPROCESSOR_DEFINITIONS = (
					"DEBUG=1",
					"$(inherited)",
				);
				GCC_WARN_64_TO_32_BIT_CONVERSION = YES;
				GCC_WARN_ABOUT_RETURN_TYPE = YES_ERROR;
				GCC_WARN_UNDECLARED_SELECTOR = YES;
				GCC_WARN_UNINITIALIZED_AUTOS = YES_AGGRESSIVE;
				GCC_WARN_UNUSED_FUNCTION = YES;
				GCC_WARN_UNUSED_VARIABLE = YES;
				IPHONEOS_DEPLOYMENT_TARGET = 14.4;
				MTL_ENABLE_DEBUG_INFO = INCLUDE_SOURCE;
				MTL_FAST_MATH = YES;
				ONLY_ACTIVE_ARCH = YES;
				SDKROOT = iphoneos;
				SWIFT_ACTIVE_COMPILATION_CONDITIONS = DEBUG;
				SWIFT_OPTIMIZATION_LEVEL = "-Onone";
			};
			name = Debug;
		};
		77B0320E26266DB300EB17C1 /* Release */ = {
			isa = XCBuildConfiguration;
			buildSettings = {
				ALWAYS_SEARCH_USER_PATHS = NO;
				CLANG_ANALYZER_NONNULL = YES;
				CLANG_ANALYZER_NUMBER_OBJECT_CONVERSION = YES_AGGRESSIVE;
				CLANG_CXX_LANGUAGE_STANDARD = "gnu++14";
				CLANG_CXX_LIBRARY = "libc++";
				CLANG_ENABLE_MODULES = YES;
				CLANG_ENABLE_OBJC_ARC = YES;
				CLANG_ENABLE_OBJC_WEAK = YES;
				CLANG_WARN_BLOCK_CAPTURE_AUTORELEASING = YES;
				CLANG_WARN_BOOL_CONVERSION = YES;
				CLANG_WARN_COMMA = YES;
				CLANG_WARN_CONSTANT_CONVERSION = YES;
				CLANG_WARN_DEPRECATED_OBJC_IMPLEMENTATIONS = YES;
				CLANG_WARN_DIRECT_OBJC_ISA_USAGE = YES_ERROR;
				CLANG_WARN_DOCUMENTATION_COMMENTS = YES;
				CLANG_WARN_EMPTY_BODY = YES;
				CLANG_WARN_ENUM_CONVERSION = YES;
				CLANG_WARN_INFINITE_RECURSION = YES;
				CLANG_WARN_INT_CONVERSION = YES;
				CLANG_WARN_NON_LITERAL_NULL_CONVERSION = YES;
				CLANG_WARN_OBJC_IMPLICIT_RETAIN_SELF = YES;
				CLANG_WARN_OBJC_LITERAL_CONVERSION = YES;
				CLANG_WARN_OBJC_ROOT_CLASS = YES_ERROR;
				CLANG_WARN_QUOTED_INCLUDE_IN_FRAMEWORK_HEADER = YES;
				CLANG_WARN_RANGE_LOOP_ANALYSIS = YES;
				CLANG_WARN_STRICT_PROTOTYPES = YES;
				CLANG_WARN_SUSPICIOUS_MOVE = YES;
				CLANG_WARN_UNGUARDED_AVAILABILITY = YES_AGGRESSIVE;
				CLANG_WARN_UNREACHABLE_CODE = YES;
				CLANG_WARN__DUPLICATE_METHOD_MATCH = YES;
				COPY_PHASE_STRIP = NO;
				DEBUG_INFORMATION_FORMAT = "dwarf-with-dsym";
				ENABLE_NS_ASSERTIONS = NO;
				ENABLE_STRICT_OBJC_MSGSEND = YES;
				GCC_C_LANGUAGE_STANDARD = gnu11;
				GCC_NO_COMMON_BLOCKS = YES;
				GCC_WARN_64_TO_32_BIT_CONVERSION = YES;
				GCC_WARN_ABOUT_RETURN_TYPE = YES_ERROR;
				GCC_WARN_UNDECLARED_SELECTOR = YES;
				GCC_WARN_UNINITIALIZED_AUTOS = YES_AGGRESSIVE;
				GCC_WARN_UNUSED_FUNCTION = YES;
				GCC_WARN_UNUSED_VARIABLE = YES;
				IPHONEOS_DEPLOYMENT_TARGET = 14.4;
				MTL_ENABLE_DEBUG_INFO = NO;
				MTL_FAST_MATH = YES;
				SDKROOT = iphoneos;
				SWIFT_COMPILATION_MODE = wholemodule;
				SWIFT_OPTIMIZATION_LEVEL = "-O";
				VALIDATE_PRODUCT = YES;
			};
			name = Release;
		};
		77B0321026266DB300EB17C1 /* Debug */ = {
			isa = XCBuildConfiguration;
			baseConfigurationReference = E8EE3AD37C90834042987EA6 /* Pods-LoginFacebook.debug.xcconfig */;
			buildSettings = {
				ASSETCATALOG_COMPILER_APPICON_NAME = AppIcon;
				ASSETCATALOG_COMPILER_GLOBAL_ACCENT_COLOR_NAME = AccentColor;
				CODE_SIGN_STYLE = Automatic;
				CURRENT_PROJECT_VERSION = 1;
				DEVELOPMENT_TEAM = H46GZ2RY2C;
				INFOPLIST_FILE = LoginFacebook/Info.plist;
				LD_RUNPATH_SEARCH_PATHS = (
					"$(inherited)",
					"@executable_path/Frameworks",
				);
				PRODUCT_BUNDLE_IDENTIFIER = com.aprenDev.logins;
				PRODUCT_NAME = "$(TARGET_NAME)";
				SWIFT_VERSION = 5.0;
				TARGETED_DEVICE_FAMILY = "1,2";
			};
			name = Debug;
		};
		77B0321126266DB300EB17C1 /* Release */ = {
			isa = XCBuildConfiguration;
			baseConfigurationReference = 2BE75865EBC7D09325B9DF5A /* Pods-LoginFacebook.release.xcconfig */;
			buildSettings = {
				ASSETCATALOG_COMPILER_APPICON_NAME = AppIcon;
				ASSETCATALOG_COMPILER_GLOBAL_ACCENT_COLOR_NAME = AccentColor;
				CODE_SIGN_STYLE = Automatic;
				CURRENT_PROJECT_VERSION = 1;
				DEVELOPMENT_TEAM = H46GZ2RY2C;
				INFOPLIST_FILE = LoginFacebook/Info.plist;
				LD_RUNPATH_SEARCH_PATHS = (
					"$(inherited)",
					"@executable_path/Frameworks",
				);
				PRODUCT_BUNDLE_IDENTIFIER = com.aprenDev.logins;
				PRODUCT_NAME = "$(TARGET_NAME)";
				SWIFT_VERSION = 5.0;
				TARGETED_DEVICE_FAMILY = "1,2";
			};
			name = Release;
		};
/* End XCBuildConfiguration section */

/* Begin XCConfigurationList section */
		77B031F626266DB200EB17C1 /* Build configuration list for PBXProject "LoginFacebook" */ = {
			isa = XCConfigurationList;
			buildConfigurations = (
				77B0320D26266DB300EB17C1 /* Debug */,
				77B0320E26266DB300EB17C1 /* Release */,
			);
			defaultConfigurationIsVisible = 0;
			defaultConfigurationName = Release;
		};
		77B0320F26266DB300EB17C1 /* Build configuration list for PBXNativeTarget "LoginFacebook" */ = {
			isa = XCConfigurationList;
			buildConfigurations = (
				77B0321026266DB300EB17C1 /* Debug */,
				77B0321126266DB300EB17C1 /* Release */,
			);
			defaultConfigurationIsVisible = 0;
			defaultConfigurationName = Release;
		};
/* End XCConfigurationList section */
	};
	rootObject = 77B031F326266DB200EB17C1 /* Project object */;
}
